[[tools."github:cargo-generate/cargo-generate"]]
version = "0.23.7"
backend = "github:cargo-generate/cargo-generate"
"platforms.linux-arm64" = { checksum = "sha256:f3122f42fc176cb9737e6a6e1d4c9e52810caa0174636ab39c2183bf634b43b4", url = "https://github.com/cargo-generate/cargo-generate/releases/download/v0.23.7/cargo-generate-v0.23.7-aarch64-unknown-linux-gnu.tar.gz", url_api = "https://api.github.com/repos/cargo-generate/cargo-generate/releases/assets/318992643"}
"platforms.linux-x64" = { checksum = "sha256:b0ef4c8ea0f39ef609480ad5e808e71f5e799efa6a8aa108463edd67d99629a4", url = "https://github.com/cargo-generate/cargo-generate/releases/download/v0.23.7/cargo-generate-v0.23.7-x86_64-unknown-linux-gnu.tar.gz", url_api = "https://api.github.com/repos/cargo-generate/cargo-generate/releases/assets/318992635"}
"platforms.macos-arm64" = { checksum = "sha256:2d67b146a127d593f265691b4ed314202fd8bf4adb4cf8b89ad1b5158b332a8b", url = "https://github.com/cargo-generate/cargo-generate/releases/download/v0.23.7/cargo-generate-v0.23.7-aarch64-apple-darwin.tar.gz", url_api = "https://api.github.com/repos/cargo-generate/cargo-generate/releases/assets/318992375"}
"platforms.macos-x64" = { checksum = "sha256:c8d5e732acb231ee3f1b2dbc207dc842f1894f56bbaa24d529b63cb64b082dbc", url = "https://github.com/cargo-generate/cargo-generate/releases/download/v0.23.7/cargo-generate-v0.23.7-x86_64-apple-darwin.tar.gz", url_api = "https://api.github.com/repos/cargo-generate/cargo-generate/releases/assets/318991668"}
"platforms.windows-x64" = { checksum = "sha256:a719ff9ed5c09d95059d9c350eee89b6b8a1f1acb21a0a8371128c411e359bb8", url = "https://github.com/cargo-generate/cargo-generate/releases/download/v0.23.7/cargo-generate-v0.23.7-x86_64-pc-windows-msvc.tar.gz", url_api = "https://api.github.com/repos/cargo-generate/cargo-generate/releases/assets/318994292"}
